
Microsoft Visual Studio Solution File, Format Version 12.00
# Visual Studio Version 17
VisualStudioVersion = 17.11.35312.102
MinimumVisualStudioVersion = 10.0.40219.1
Project("{FAE04EC0-301F-11D3-BF4B-00C04F79EFBC}") = "WebAppPharma", "WebAppPharma\WebAppPharma.csproj", "{C07CEE1C-46EA-409F-BD8F-46E0EEF992D7}"
EndProject
Global
	GlobalSection(SolutionConfigurationPlatforms) = preSolution
		Debug|Any CPU = Debug|Any CPU
		Release|Any CPU = Release|Any CPU
	EndGlobalSection
	GlobalSection(ProjectConfigurationPlatforms) = postSolution
		{C07CEE1C-46EA-409F-BD8F-46E0EEF992D7}.Debug|Any CPU.ActiveCfg = Debug|Any CPU
		{C07CEE1C-46EA-409F-BD8F-46E0EEF992D7}.Debug|Any CPU.Build.0 = Debug|Any CPU
		{C07CEE1C-46EA-409F-BD8F-46E0EEF992D7}.Release|Any CPU.ActiveCfg = Release|Any CPU
		{C07CEE1C-46EA-409F-BD8F-46E0EEF992D7}.Release|Any CPU.Build.0 = Release|Any CPU
	EndGlobalSection
	GlobalSection(SolutionProperties) = preSolution
		HideSolutionNode = FALSE
	EndGlobalSection
	GlobalSection(ExtensibilityGlobals) = postSolution
		SolutionGuid = {611151A9-7E1F-4D06-9BA6-777E25B918F6}
	EndGlobalSection
EndGlobal
